
Microsoft Visual Studio Solution File, Format Version 12.00
# Visual Studio 2012
Project("{8BC9CEB8-8B4A-11D0-8D11-00A0C91BC942}") = "GalaLua", "GalaLua.vcxproj", "{0E09DFE2-455C-4C0D-93C0-3C5C81D59569}"
EndProject
Global
	GlobalSection(SolutionConfigurationPlatforms) = preSolution
		Debug|Win32 = Debug|Win32
		Release|Win32 = Release|Win32
	EndGlobalSection
	GlobalSection(ProjectConfigurationPlatforms) = postSolution
		{0E09DFE2-455C-4C0D-93C0-3C5C81D59569}.Debug|Win32.ActiveCfg = Debug|Win32
		{0E09DFE2-455C-4C0D-93C0-3C5C81D59569}.Debug|Win32.Build.0 = Debug|Win32
		{0E09DFE2-455C-4C0D-93C0-3C5C81D59569}.Release|Win32.ActiveCfg = Release|Win32
		{0E09DFE2-455C-4C0D-93C0-3C5C81D59569}.Release|Win32.Build.0 = Release|Win32
	EndGlobalSection
	GlobalSection(SolutionProperties) = preSolution
		HideSolutionNode = FALSE
	EndGlobalSection
EndGlobal
